PODS:
  - camera_avfoundation (0.0.1):
    - Flutter
  - Flutter (1.0.0)
  - path_provider_foundation (0.0.1):
    - Flutter
    - FlutterMacOS
  - TensorFlowLiteC (2.11.0):
    - TensorFlowLiteC/Core (= 2.11.0)
  - TensorFlowLiteC/Core (2.11.0)
  - TensorFlowLiteSwift (2.11.0):
    - TensorFlowLiteSwift/Core (= 2.11.0)
  - TensorFlowLiteSwift/Core (2.11.0):
    - TensorFlowLiteC (= 2.11.0)
  - tflite_flutter (0.1.0):
    - Flutter
    - TensorFlowLiteSwift

DEPENDENCIES:
  - camera_avfoundation (from `.symlinks/plugins/camera_avfoundation/ios`)
  - Flutter (from `Flutter`)
  - path_provider_foundation (from `.symlinks/plugins/path_provider_foundation/darwin`)
  - tflite_flutter (from `.symlinks/plugins/tflite_flutter/ios`)

SPEC REPOS:
  trunk:
    - TensorFlowLiteC
    - TensorFlowLiteSwift

EXTERNAL SOURCES:
  camera_avfoundation:
    :path: ".symlinks/plugins/camera_avfoundation/ios"
  Flutter:
    :path: Flutter
  path_provider_foundation:
    :path: ".symlinks/plugins/path_provider_foundation/darwin"
  tflite_flutter:
    :path: ".symlinks/plugins/tflite_flutter/ios"

SPEC CHECKSUMS:
  camera_avfoundation: 3125e8cd1a4387f6f31c6c63abb8a55892a9eeeb
  Flutter: f04841e97a9d0b0a8025694d0796dd46242b2854
  path_provider_foundation: eaf5b3e458fc0e5fbb9940fb09980e853fe058b8
  TensorFlowLiteC: 8a8cb6fa20ad74dff29b5e490d02c36a14d48148
  TensorFlowLiteSwift: 1a5cd776a377f8d7a009b16f5904fdf91a8debfa
  tflite_flutter: bf9c7d5c7ef011034c607d943d432623673c1c11

PODFILE CHECKSUM: 1c55bb67f9da41fa023f80f450b252c4b1fb805c

COCOAPODS: 1.12.0
